{
  "name": "MyWebsite",
  "version": "1.0.0",
  "description": "",
  "main": "index.js",
  "scripts": {
    "deploy": "gh-pages -d dist"
  },
  "keywords": [],
  "author": "Shalabh Jain",
  "homepage": "https://meshalabhjain.github.io/MyWebsite",
  "license": "ISC",
  "dependencies": {
    "gh-pages": "^2.0.1"
  }
}
